
Microsoft Visual Studio Solution File, Format Version 12.00
# Visual Studio Version 16
VisualStudioVersion = 16.0.30717.126
MinimumVisualStudioVersion = 10.0.40219.1
Project("{9A19103F-16F7-4668-BE54-9A1E7A4F7556}") = "HueShift2", "HueShift2\HueShift2.csproj", "{A86ECF64-E009-4DA2-9B78-B5B7CCD526B2}"
EndProject
Project("{2150E333-8FDC-42A3-9474-1A3956D46DE8}") = "App", "App", "{7568C5AE-C9D9-4999-9F4F-63B03E104BE6}"
EndProject
Project("{2150E333-8FDC-42A3-9474-1A3956D46DE8}") = "Tests", "Tests", "{0028D23E-10B3-4376-A4D3-A48B707828BA}"
EndProject
Project("{9A19103F-16F7-4668-BE54-9A1E7A4F7556}") = "HueShift2.UnitTests", "HueShift2Tests\HueShift2.UnitTests.csproj", "{54413C50-648D-4DEC-BF21-781B1F2A9641}"
EndProject
Project("{2150E333-8FDC-42A3-9474-1A3956D46DE8}") = "Solution Items", "Solution Items", "{306D15A5-523D-4E4A-9DA6-C9E3927A1EAD}"
	ProjectSection(SolutionItems) = preProject
		.editorconfig = .editorconfig
	EndProjectSection
EndProject
Global
	GlobalSection(SolutionConfigurationPlatforms) = preSolution
		Debug|Any CPU = Debug|Any CPU
		Release|Any CPU = Release|Any CPU
	EndGlobalSection
	GlobalSection(ProjectConfigurationPlatforms) = postSolution
		{A86ECF64-E009-4DA2-9B78-B5B7CCD526B2}.Debug|Any CPU.ActiveCfg = Debug|Any CPU
		{A86ECF64-E009-4DA2-9B78-B5B7CCD526B2}.Debug|Any CPU.Build.0 = Debug|Any CPU
		{A86ECF64-E009-4DA2-9B78-B5B7CCD526B2}.Release|Any CPU.ActiveCfg = Release|Any CPU
		{A86ECF64-E009-4DA2-9B78-B5B7CCD526B2}.Release|Any CPU.Build.0 = Release|Any CPU
		{54413C50-648D-4DEC-BF21-781B1F2A9641}.Debug|Any CPU.ActiveCfg = Debug|Any CPU
		{54413C50-648D-4DEC-BF21-781B1F2A9641}.Debug|Any CPU.Build.0 = Debug|Any CPU
		{54413C50-648D-4DEC-BF21-781B1F2A9641}.Release|Any CPU.ActiveCfg = Release|Any CPU
		{54413C50-648D-4DEC-BF21-781B1F2A9641}.Release|Any CPU.Build.0 = Release|Any CPU
	EndGlobalSection
	GlobalSection(SolutionProperties) = preSolution
		HideSolutionNode = FALSE
	EndGlobalSection
	GlobalSection(NestedProjects) = preSolution
		{A86ECF64-E009-4DA2-9B78-B5B7CCD526B2} = {7568C5AE-C9D9-4999-9F4F-63B03E104BE6}
		{54413C50-648D-4DEC-BF21-781B1F2A9641} = {0028D23E-10B3-4376-A4D3-A48B707828BA}
	EndGlobalSection
	GlobalSection(ExtensibilityGlobals) = postSolution
		SolutionGuid = {A9866EF0-ECF9-4D97-9A8D-EC283E792F6D}
	EndGlobalSection
EndGlobal
